
Microsoft Visual Studio Solution File, Format Version 12.00
# Visual Studio Version 16
VisualStudioVersion = 16.0.29509.3
MinimumVisualStudioVersion = 10.0.40219.1
Project("{FAE04EC0-301F-11D3-BF4B-00C04F79EFBC}") = "ConfigConvertor", "ConfigConvertor.csproj", "{624E58AF-6064-464B-B889-CF27F3A85B57}"
EndProject
Global
	GlobalSection(SolutionConfigurationPlatforms) = preSolution
		Debug|Any CPU = Debug|Any CPU
		Release|Any CPU = Release|Any CPU
	EndGlobalSection
	GlobalSection(ProjectConfigurationPlatforms) = postSolution
		{624E58AF-6064-464B-B889-CF27F3A85B57}.Debug|Any CPU.ActiveCfg = Debug|Any CPU
		{624E58AF-6064-464B-B889-CF27F3A85B57}.Debug|Any CPU.Build.0 = Debug|Any CPU
		{624E58AF-6064-464B-B889-CF27F3A85B57}.Release|Any CPU.ActiveCfg = Release|Any CPU
		{624E58AF-6064-464B-B889-CF27F3A85B57}.Release|Any CPU.Build.0 = Release|Any CPU
	EndGlobalSection
	GlobalSection(SolutionProperties) = preSolution
		HideSolutionNode = FALSE
	EndGlobalSection
	GlobalSection(ExtensibilityGlobals) = postSolution
		SolutionGuid = {A9482917-A5E8-4114-8482-A7170F3A192F}
	EndGlobalSection
EndGlobal
